lockfileVersion: '9.0'

settings:
  autoInstallPeers: true
  excludeLinksFromLockfile: false

importers:

  .:
    devDependencies:
      oxlint:
        specifier: ^0.15.7
        version: 0.15.7

packages:

  '@oxlint/darwin-arm64@0.15.7':
    resolution: {integrity: sha512-+8jOC9MfzIhbRdmNYl+gLlGZe8dhl2hrQRLJ+mriPRXxtpfBmT5aOmEQrs9BX5GPnh6hy4ArMvjDbCCXD+bl+w==}
    cpu: [arm64]
    os: [darwin]

  '@oxlint/darwin-x64@0.15.7':
    resolution: {integrity: sha512-4y1v3zCtQU0dv5SxwBZqtYiqtQTUSvEdK3XzWg/JxN8qEleHonQrbSvGKmlkzraEouKTIm1bXjmnrX26MX22cQ==}
    cpu: [x64]
    os: [darwin]

  '@oxlint/linux-arm64-gnu@0.15.7':
    resolution: {integrity: sha512-g01PWQl1+HLlMGK3lwH8G+A/5vA6H7tcKUHnx/qGz4+LM1zKfp1w2d2aoXxPqpIgtBPn19JRcBiEMv+nr40fiw==}
    cpu: [arm64]
    os: [linux]

  '@oxlint/linux-arm64-musl@0.15.7':
    resolution: {integrity: sha512-8Dg7qaHXNgiZgP3TxQU8k/5fpzGfcxYVLK58Sj/vSZ3vMrI68ipkq+rkNBjAXT1Aq2/eM6L/9CLH8pex+I1Nkw==}
    cpu: [arm64]
    os: [linux]

  '@oxlint/linux-x64-gnu@0.15.7':
    resolution: {integrity: sha512-hLsfcOgoky/FUGF2s3v7+wd0xGGuyE7EBPSTV7BPQYEm5+P5ZeWXPlUg8uTPee6bIxHa6lZLqunRl8Jn44b/ig==}
    cpu: [x64]
    os: [linux]

  '@oxlint/linux-x64-musl@0.15.7':
    resolution: {integrity: sha512-BW9dACxzLRZq67lPFis/NCiitQucZbbrONeK0mReBWPSM3MaegLY82kZU7sMq3fpBbzGaKFoNLp2EcsNfS5IVw==}
    cpu: [x64]
    os: [linux]

  '@oxlint/win32-arm64@0.15.7':
    resolution: {integrity: sha512-VvIaIdfCjcYy8cj3yAjHwj2dDFIFxdUS7G+KeDK/iH7O3uXW8wOec2wFYcd8xmVYHEcnw8fgNAXy04gXpB6KnQ==}
    cpu: [arm64]
    os: [win32]

  '@oxlint/win32-x64@0.15.7':
    resolution: {integrity: sha512-1WKZTgtJswATA8NYeUfMnN4ei7AUVyomrWBiPwYGMRMOo4jeGkOlOr2/iYq/vbtOCyOuqAo2JjfzN5sBOPfI/A==}
    cpu: [x64]
    os: [win32]

  oxlint@0.15.7:
    resolution: {integrity: sha512-ECx9retPd7Rvq62TasGODyQ4mrMtqBCCB18xOYGiAf8PP61snHaokLeTWQFf+pTURWpJZ9pIi2pMIDKh2P2SpQ==}
    engines: {node: '>=14.*'}
    hasBin: true

snapshots:

  '@oxlint/darwin-arm64@0.15.7':
    optional: true

  '@oxlint/darwin-x64@0.15.7':
    optional: true

  '@oxlint/linux-arm64-gnu@0.15.7':
    optional: true

  '@oxlint/linux-arm64-musl@0.15.7':
    optional: true

  '@oxlint/linux-x64-gnu@0.15.7':
    optional: true

  '@oxlint/linux-x64-musl@0.15.7':
    optional: true

  '@oxlint/win32-arm64@0.15.7':
    optional: true

  '@oxlint/win32-x64@0.15.7':
    optional: true

  oxlint@0.15.7:
    optionalDependencies:
      '@oxlint/darwin-arm64': 0.15.7
      '@oxlint/darwin-x64': 0.15.7
      '@oxlint/linux-arm64-gnu': 0.15.7
      '@oxlint/linux-arm64-musl': 0.15.7
      '@oxlint/linux-x64-gnu': 0.15.7
      '@oxlint/linux-x64-musl': 0.15.7
      '@oxlint/win32-arm64': 0.15.7
      '@oxlint/win32-x64': 0.15.7
