lockfileVersion: '9.0'

settings:
  autoInstallPeers: true
  excludeLinksFromLockfile: false

importers:

  .:
    devDependencies:
      oxlint:
        specifier: ^0.15.8
        version: 0.15.8

packages:

  '@oxlint/darwin-arm64@0.15.8':
    resolution: {integrity: sha512-KgQC7vDhkwQD45MRK9cpDt8A5aSBfpjXV5+mWxwxgMPJh9fjDIiOjvAvqWu7LVUKi74Fe59yMBU0/ZQdSsYylQ==}
    cpu: [arm64]
    os: [darwin]

  '@oxlint/darwin-x64@0.15.8':
    resolution: {integrity: sha512-MQYpapCVzIwZfk2OtsLm/f5BRG7jEFHOwv6fnp4z9mw8UVXBu0GKzVSaK8E2xd84EL+GuG470sGl823vATYg7w==}
    cpu: [x64]
    os: [darwin]

  '@oxlint/linux-arm64-gnu@0.15.8':
    resolution: {integrity: sha512-gGvBe+o8Oallj5hIm++jiQZWviHJroGga3DFFXV/gF3nBIqB0F5nDolmw/4l7y+waSeIe5gjf7feaxxam7LVAQ==}
    cpu: [arm64]
    os: [linux]

  '@oxlint/linux-arm64-musl@0.15.8':
    resolution: {integrity: sha512-hUzXQ+Ig4p+gcJq/XEvHyf/N98THf8Hc3/AV+Hom6oPsLwHyeld88ETfNRGtyvarcaiA+zwlpKqWQCl+0xBcag==}
    cpu: [arm64]
    os: [linux]

  '@oxlint/linux-x64-gnu@0.15.8':
    resolution: {integrity: sha512-QoSRPBWsLZY8HIMbOE7PIKad2plhwkK2yN30hGxcD6ago2+ykPZxTOEU6+l4Sri3FyGvq5NnF4U1UR62hPhOXg==}
    cpu: [x64]
    os: [linux]

  '@oxlint/linux-x64-musl@0.15.8':
    resolution: {integrity: sha512-lttmT5x+DTy2yrMz4+0tUtPoJRA/ogDCUTjYhRVs2PF7f5WDVsyhFiwP8fMbpcogv3wB4Iylb5cwwAQ8/vV5MQ==}
    cpu: [x64]
    os: [linux]

  '@oxlint/win32-arm64@0.15.8':
    resolution: {integrity: sha512-p9HCMnhAyVSyoeFmgBhsyJG8900U1dukPo/2mTOT7hRCQ9NTFQhUALQTj3ohsJ9unF21nI5XfHMVqQGuG9NItw==}
    cpu: [arm64]
    os: [win32]

  '@oxlint/win32-x64@0.15.8':
    resolution: {integrity: sha512-dH0W6OOQb5G0CDuT81nKUbAnTfo2SdYeRKodEYUBrXh6pO3YZ8iMl7G1N6TWDO4XBo8nE685/hXDN64e30PO5g==}
    cpu: [x64]
    os: [win32]

  oxlint@0.15.8:
    resolution: {integrity: sha512-4hZgDN4a2CaoqKzZ/odAGp0wy2LKCpSQ/MKoMScMb2FiK4CfuUsvRlaUqEL7uYIkvdNjd9OvhRNc7bxpxotVHA==}
    engines: {node: '>=8.*'}
    hasBin: true

snapshots:

  '@oxlint/darwin-arm64@0.15.8':
    optional: true

  '@oxlint/darwin-x64@0.15.8':
    optional: true

  '@oxlint/linux-arm64-gnu@0.15.8':
    optional: true

  '@oxlint/linux-arm64-musl@0.15.8':
    optional: true

  '@oxlint/linux-x64-gnu@0.15.8':
    optional: true

  '@oxlint/linux-x64-musl@0.15.8':
    optional: true

  '@oxlint/win32-arm64@0.15.8':
    optional: true

  '@oxlint/win32-x64@0.15.8':
    optional: true

  oxlint@0.15.8:
    optionalDependencies:
      '@oxlint/darwin-arm64': 0.15.8
      '@oxlint/darwin-x64': 0.15.8
      '@oxlint/linux-arm64-gnu': 0.15.8
      '@oxlint/linux-arm64-musl': 0.15.8
      '@oxlint/linux-x64-gnu': 0.15.8
      '@oxlint/linux-x64-musl': 0.15.8
      '@oxlint/win32-arm64': 0.15.8
      '@oxlint/win32-x64': 0.15.8
