lockfileVersion: '9.0'

settings:
  autoInstallPeers: true
  excludeLinksFromLockfile: false

importers:

  .:
    devDependencies:
      oxlint:
        specifier: ^0.15.6
        version: 0.15.6

packages:

  '@oxlint/darwin-arm64@0.15.6':
    resolution: {integrity: sha512-Oyx21zpBMttAykoL3VSXM4ScfO0OygKAVFJlRFzh14CF4pnMQRcQ8fIH38BXy6wdE3YyZ9ml1ZspsCwguqb/3A==}
    cpu: [arm64]
    os: [darwin]

  '@oxlint/darwin-x64@0.15.6':
    resolution: {integrity: sha512-fNjxp7MBflKYyvvYgvjvAaCnVdYE3QZkscNhd8ygMko4yFErzPnvPong04QhvNN/cSxrL74nowMHrijPxZbm6Q==}
    cpu: [x64]
    os: [darwin]

  '@oxlint/linux-arm64-gnu@0.15.6':
    resolution: {integrity: sha512-/yLShYUGVQV/lCxKDEKaZr5+QQm68NKuFkLcB3z0Qcd45BVdpa/0HGoOpOL7mexo+zxZkRQSGn7x2idVYv2Tng==}
    cpu: [arm64]
    os: [linux]

  '@oxlint/linux-arm64-musl@0.15.6':
    resolution: {integrity: sha512-S0i/xb/TEep2CjZ11D4BxifsaX2a1LyuxW1hFcREMebtXJjpZMFfCNR7Cnwk7tp6eWiXLo3DJ/6iPLkxV6iivg==}
    cpu: [arm64]
    os: [linux]

  '@oxlint/linux-x64-gnu@0.15.6':
    resolution: {integrity: sha512-BNSRAn2SMF2/TVpQ/Y/Sg4emXia3Kfihu2apVFLyRj2h2lJCB0g/Us3gjRux2AoD4KkdlMJiqY/Tnaz2xMq49w==}
    cpu: [x64]
    os: [linux]

  '@oxlint/linux-x64-musl@0.15.6':
    resolution: {integrity: sha512-BUv/dJIBXeinL2vgy1CvzwqbvnDfydU10urbofOF8XXob6AmDewZSIr3ctDvd5qJisR7oEhAuxH4+rPkKnmjEw==}
    cpu: [x64]
    os: [linux]

  '@oxlint/win32-arm64@0.15.6':
    resolution: {integrity: sha512-keVVbVxWBZ4myHlokg1JDQ0Fw2+iXMJSwbM3yr5SXXtMm7UgNaO3fGVAFA4Kv9OovhVCpfeqZy63gIgSv/w3oA==}
    cpu: [arm64]
    os: [win32]

  '@oxlint/win32-x64@0.15.6':
    resolution: {integrity: sha512-onKba1QPlcX6sVBMp8KqsAmjgZfaanFZcYGYl6o6q6dzuZSLuKWCPyn/OeJ1PYryYVsbDKZYaCzLoBLrY13MqQ==}
    cpu: [x64]
    os: [win32]

  oxlint@0.15.6:
    resolution: {integrity: sha512-LiDI0mIzvnL/oQq7AyAganWAKtk/RaiOKdACnzeJDe64gWp7c+0y3T554IvfWd/9kVt5awlvyg5eRRp67PaxNA==}
    engines: {node: '>=14.*'}
    hasBin: true

snapshots:

  '@oxlint/darwin-arm64@0.15.6':
    optional: true

  '@oxlint/darwin-x64@0.15.6':
    optional: true

  '@oxlint/linux-arm64-gnu@0.15.6':
    optional: true

  '@oxlint/linux-arm64-musl@0.15.6':
    optional: true

  '@oxlint/linux-x64-gnu@0.15.6':
    optional: true

  '@oxlint/linux-x64-musl@0.15.6':
    optional: true

  '@oxlint/win32-arm64@0.15.6':
    optional: true

  '@oxlint/win32-x64@0.15.6':
    optional: true

  oxlint@0.15.6:
    optionalDependencies:
      '@oxlint/darwin-arm64': 0.15.6
      '@oxlint/darwin-x64': 0.15.6
      '@oxlint/linux-arm64-gnu': 0.15.6
      '@oxlint/linux-arm64-musl': 0.15.6
      '@oxlint/linux-x64-gnu': 0.15.6
      '@oxlint/linux-x64-musl': 0.15.6
      '@oxlint/win32-arm64': 0.15.6
      '@oxlint/win32-x64': 0.15.6
